
Microsoft Visual Studio Solution File, Format Version 12.00
# Visual Studio Version 17
VisualStudioVersion = 17.4.32916.344
MinimumVisualStudioVersion = 10.0.40219.1
Project("{FAE04EC0-301F-11D3-BF4B-00C04F79EFBC}") = "Paymenton", "Paymenton\Paymenton.csproj", "{2296FE37-DA44-4B81-9E63-0685201D1787}"
EndProject
Global
	GlobalSection(SolutionConfigurationPlatforms) = preSolution
		Debug|Any CPU = Debug|Any CPU
		Release|Any CPU = Release|Any CPU
	EndGlobalSection
	GlobalSection(ProjectConfigurationPlatforms) = postSolution
		{2296FE37-DA44-4B81-9E63-0685201D1787}.Debug|Any CPU.ActiveCfg = Debug|Any CPU
		{2296FE37-DA44-4B81-9E63-0685201D1787}.Debug|Any CPU.Build.0 = Debug|Any CPU
		{2296FE37-DA44-4B81-9E63-0685201D1787}.Release|Any CPU.ActiveCfg = Release|Any CPU
		{2296FE37-DA44-4B81-9E63-0685201D1787}.Release|Any CPU.Build.0 = Release|Any CPU
	EndGlobalSection
	GlobalSection(SolutionProperties) = preSolution
		HideSolutionNode = FALSE
	EndGlobalSection
	GlobalSection(ExtensibilityGlobals) = postSolution
		SolutionGuid = {A7D9FF3F-8E91-4AEE-8622-72495E0B3085}
	EndGlobalSection
EndGlobal
